
Microsoft Visual Studio Solution File, Format Version 12.00
# Visual Studio 15
VisualStudioVersion = 15.0.28307.1433
MinimumVisualStudioVersion = 10.0.40219.1
Project("{FAE04EC0-301F-11D3-BF4B-00C04F79EFBC}") = "SalesWebMvc", "SalesWebMvc\SalesWebMvc.csproj", "{7C572A51-1131-478B-9949-8D4022DAAC01}"
EndProject
Global
	GlobalSection(SolutionConfigurationPlatforms) = preSolution
		Debug|Any CPU = Debug|Any CPU
		Release|Any CPU = Release|Any CPU
	EndGlobalSection
	GlobalSection(ProjectConfigurationPlatforms) = postSolution
		{7C572A51-1131-478B-9949-8D4022DAAC01}.Debug|Any CPU.ActiveCfg = Debug|Any CPU
		{7C572A51-1131-478B-9949-8D4022DAAC01}.Debug|Any CPU.Build.0 = Debug|Any CPU
		{7C572A51-1131-478B-9949-8D4022DAAC01}.Release|Any CPU.ActiveCfg = Release|Any CPU
		{7C572A51-1131-478B-9949-8D4022DAAC01}.Release|Any CPU.Build.0 = Release|Any CPU
	EndGlobalSection
	GlobalSection(SolutionProperties) = preSolution
		HideSolutionNode = FALSE
	EndGlobalSection
	GlobalSection(ExtensibilityGlobals) = postSolution
		SolutionGuid = {E6677387-F2F5-40C4-9097-5369B4F7E404}
	EndGlobalSection
EndGlobal
